
Microsoft Visual Studio Solution File, Format Version 12.00
# Visual Studio 15
VisualStudioVersion = 15.0.27703.2000
MinimumVisualStudioVersion = 10.0.40219.1
Project("{FAE04EC0-301F-11D3-BF4B-00C04F79EFBC}") = "Strathweb.AspNetCore.AzureBlobFileProvider", "src\Strathweb.AspNetCore.AzureBlobFileProvider\Strathweb.AspNetCore.AzureBlobFileProvider.csproj", "{B6CE1911-C8FE-474D-9865-1D63961F94B4}"
EndProject
Global
	GlobalSection(SolutionConfigurationPlatforms) = preSolution
		Debug|Any CPU = Debug|Any CPU
		Release|Any CPU = Release|Any CPU
	EndGlobalSection
	GlobalSection(ProjectConfigurationPlatforms) = postSolution
		{B6CE1911-C8FE-474D-9865-1D63961F94B4}.Debug|Any CPU.ActiveCfg = Debug|Any CPU
		{B6CE1911-C8FE-474D-9865-1D63961F94B4}.Debug|Any CPU.Build.0 = Debug|Any CPU
		{B6CE1911-C8FE-474D-9865-1D63961F94B4}.Release|Any CPU.ActiveCfg = Release|Any CPU
		{B6CE1911-C8FE-474D-9865-1D63961F94B4}.Release|Any CPU.Build.0 = Release|Any CPU
	EndGlobalSection
	GlobalSection(SolutionProperties) = preSolution
		HideSolutionNode = FALSE
	EndGlobalSection
	GlobalSection(ExtensibilityGlobals) = postSolution
		SolutionGuid = {47371F15-1873-4620-9CA6-1030D559449A}
	EndGlobalSection
EndGlobal
